
Microsoft Visual Studio Solution File, Format Version 12.00
# Visual Studio 2013
VisualStudioVersion = 12.0.21005.1
MinimumVisualStudioVersion = 10.0.40219.1
Project("{FAE04EC0-301F-11D3-BF4B-00C04F79EFBC}") = "Concentrator.DataAccessLayer", "Concentrator.DataAccessLayer\Concentrator.DataAccessLayer.csproj", "{E8FA645D-6923-4BC5-840D-55D00B93AAD4}"
EndProject
Project("{FAE04EC0-301F-11D3-BF4B-00C04F79EFBC}") = "Concentrator.DatabaseUpdater", "DatabaseUpdater\Concentrator.DatabaseUpdater.csproj", "{0BF75A9D-6C7D-4542-8C6B-825035CBF00A}"
EndProject
Project("{FAE04EC0-301F-11D3-BF4B-00C04F79EFBC}") = "Concentrator.BusinessLayer", "Concentrator.BusinessLayer\Concentrator.BusinessLayer.csproj", "{69E03765-3062-48B4-8878-A510A632EFCD}"
EndProject
Project("{FAE04EC0-301F-11D3-BF4B-00C04F79EFBC}") = "Concentrator.SharedObjects", "Concentrator.Interfaces\Concentrator.SharedObjects.csproj", "{C8B20B51-E16F-421F-87A4-84D0A6CE2391}"
EndProject
Project("{FAE04EC0-301F-11D3-BF4B-00C04F79EFBC}") = "CoolInvest.DataAccessLayer", "CoolInvest.DataAccessLayer\CoolInvest.DataAccessLayer.csproj", "{52E35FCB-460C-42C1-905F-B8C5F69F40DF}"
EndProject
Project("{FAE04EC0-301F-11D3-BF4B-00C04F79EFBC}") = "CoolInvest.BusinessLogic", "CoolInvest.BusinessLogic\CoolInvest.BusinessLogic.csproj", "{7BDF6740-0EF9-411C-9407-F32B8821F152}"
EndProject
Project("{2150E333-8FDC-42A3-9474-1A3956D46DE8}") = "Concentrator", "Concentrator", "{4EA5C43F-B32B-4E74-A7AA-B39390F44671}"
EndProject
Project("{2150E333-8FDC-42A3-9474-1A3956D46DE8}") = "CoolInvest", "CoolInvest", "{EE1563E0-2B04-40E1-95DB-869F54AD5C8B}"
EndProject
Project("{FAE04EC0-301F-11D3-BF4B-00C04F79EFBC}") = "Concentrator.ServiceBus", "..\Concentrator.ServiceBus\Concentrator.ServiceBus\Concentrator.ServiceBus.csproj", "{FEEC7952-EFD0-4699-8807-30F121D770FB}"
EndProject
Global
	GlobalSection(SolutionConfigurationPlatforms) = preSolution
		Debug|Any CPU = Debug|Any CPU
		Release|Any CPU = Release|Any CPU
	EndGlobalSection
	GlobalSection(ProjectConfigurationPlatforms) = postSolution
		{E8FA645D-6923-4BC5-840D-55D00B93AAD4}.Debug|Any CPU.ActiveCfg = Debug|Any CPU
		{E8FA645D-6923-4BC5-840D-55D00B93AAD4}.Debug|Any CPU.Build.0 = Debug|Any CPU
		{E8FA645D-6923-4BC5-840D-55D00B93AAD4}.Release|Any CPU.ActiveCfg = Release|Any CPU
		{E8FA645D-6923-4BC5-840D-55D00B93AAD4}.Release|Any CPU.Build.0 = Release|Any CPU
		{0BF75A9D-6C7D-4542-8C6B-825035CBF00A}.Debug|Any CPU.ActiveCfg = Debug|Any CPU
		{0BF75A9D-6C7D-4542-8C6B-825035CBF00A}.Debug|Any CPU.Build.0 = Debug|Any CPU
		{0BF75A9D-6C7D-4542-8C6B-825035CBF00A}.Release|Any CPU.ActiveCfg = Release|Any CPU
		{0BF75A9D-6C7D-4542-8C6B-825035CBF00A}.Release|Any CPU.Build.0 = Release|Any CPU
		{69E03765-3062-48B4-8878-A510A632EFCD}.Debug|Any CPU.ActiveCfg = Debug|Any CPU
		{69E03765-3062-48B4-8878-A510A632EFCD}.Debug|Any CPU.Build.0 = Debug|Any CPU
		{69E03765-3062-48B4-8878-A510A632EFCD}.Release|Any CPU.ActiveCfg = Release|Any CPU
		{69E03765-3062-48B4-8878-A510A632EFCD}.Release|Any CPU.Build.0 = Release|Any CPU
		{C8B20B51-E16F-421F-87A4-84D0A6CE2391}.Debug|Any CPU.ActiveCfg = Debug|Any CPU
		{C8B20B51-E16F-421F-87A4-84D0A6CE2391}.Debug|Any CPU.Build.0 = Debug|Any CPU
		{C8B20B51-E16F-421F-87A4-84D0A6CE2391}.Release|Any CPU.ActiveCfg = Release|Any CPU
		{C8B20B51-E16F-421F-87A4-84D0A6CE2391}.Release|Any CPU.Build.0 = Release|Any CPU
		{52E35FCB-460C-42C1-905F-B8C5F69F40DF}.Debug|Any CPU.ActiveCfg = Debug|Any CPU
		{52E35FCB-460C-42C1-905F-B8C5F69F40DF}.Debug|Any CPU.Build.0 = Debug|Any CPU
		{52E35FCB-460C-42C1-905F-B8C5F69F40DF}.Release|Any CPU.ActiveCfg = Release|Any CPU
		{52E35FCB-460C-42C1-905F-B8C5F69F40DF}.Release|Any CPU.Build.0 = Release|Any CPU
		{7BDF6740-0EF9-411C-9407-F32B8821F152}.Debug|Any CPU.ActiveCfg = Debug|Any CPU
		{7BDF6740-0EF9-411C-9407-F32B8821F152}.Debug|Any CPU.Build.0 = Debug|Any CPU
		{7BDF6740-0EF9-411C-9407-F32B8821F152}.Release|Any CPU.ActiveCfg = Release|Any CPU
		{7BDF6740-0EF9-411C-9407-F32B8821F152}.Release|Any CPU.Build.0 = Release|Any CPU
		{FEEC7952-EFD0-4699-8807-30F121D770FB}.Debug|Any CPU.ActiveCfg = Debug|Any CPU
		{FEEC7952-EFD0-4699-8807-30F121D770FB}.Debug|Any CPU.Build.0 = Debug|Any CPU
		{FEEC7952-EFD0-4699-8807-30F121D770FB}.Release|Any CPU.ActiveCfg = Release|Any CPU
		{FEEC7952-EFD0-4699-8807-30F121D770FB}.Release|Any CPU.Build.0 = Release|Any CPU
	EndGlobalSection
	GlobalSection(SolutionProperties) = preSolution
		HideSolutionNode = FALSE
	EndGlobalSection
	GlobalSection(NestedProjects) = preSolution
		{0BF75A9D-6C7D-4542-8C6B-825035CBF00A} = {4EA5C43F-B32B-4E74-A7AA-B39390F44671}
		{69E03765-3062-48B4-8878-A510A632EFCD} = {4EA5C43F-B32B-4E74-A7AA-B39390F44671}
		{C8B20B51-E16F-421F-87A4-84D0A6CE2391} = {4EA5C43F-B32B-4E74-A7AA-B39390F44671}
		{E8FA645D-6923-4BC5-840D-55D00B93AAD4} = {4EA5C43F-B32B-4E74-A7AA-B39390F44671}
		{FEEC7952-EFD0-4699-8807-30F121D770FB} = {4EA5C43F-B32B-4E74-A7AA-B39390F44671}
		{7BDF6740-0EF9-411C-9407-F32B8821F152} = {EE1563E0-2B04-40E1-95DB-869F54AD5C8B}
		{52E35FCB-460C-42C1-905F-B8C5F69F40DF} = {EE1563E0-2B04-40E1-95DB-869F54AD5C8B}
	EndGlobalSection
EndGlobal
